
Microsoft Visual Studio Solution File, Format Version 12.00
# Visual Studio Version 17
VisualStudioVersion = 17.6.33723.286
MinimumVisualStudioVersion = 10.0.40219.1
Project("{FAE04EC0-301F-11D3-BF4B-00C04F79EFBC}") = "OOAP_lab4-1", "OOAP_lab4-1\OOAP_lab4-1.csproj", "{012F75C2-7BD2-4F73-8E9C-58F796AAE476}"
EndProject
Global
	GlobalSection(SolutionConfigurationPlatforms) = preSolution
		Debug|Any CPU = Debug|Any CPU
		Release|Any CPU = Release|Any CPU
	EndGlobalSection
	GlobalSection(ProjectConfigurationPlatforms) = postSolution
		{012F75C2-7BD2-4F73-8E9C-58F796AAE476}.Debug|Any CPU.ActiveCfg = Debug|Any CPU
		{012F75C2-7BD2-4F73-8E9C-58F796AAE476}.Debug|Any CPU.Build.0 = Debug|Any CPU
		{012F75C2-7BD2-4F73-8E9C-58F796AAE476}.Release|Any CPU.ActiveCfg = Release|Any CPU
		{012F75C2-7BD2-4F73-8E9C-58F796AAE476}.Release|Any CPU.Build.0 = Release|Any CPU
	EndGlobalSection
	GlobalSection(SolutionProperties) = preSolution
		HideSolutionNode = FALSE
	EndGlobalSection
	GlobalSection(ExtensibilityGlobals) = postSolution
		SolutionGuid = {66ECD7D6-6C9B-4B63-91DD-12606805E130}
	EndGlobalSection
EndGlobal
